{
  "name": "@bdsx/test",
  "version": "0.0.1",
  "lockfileVersion": 2,
  "requires": true,
  "packages": {
    "": {
      "name": "@bdsx/test",
      "version": "0.0.1",
      "license": "ISC",
      "dependencies": {
        "norma-core": "^0.3.1"
      },
      "devDependencies": {
        "@types/node": "^12.20.5",
        "bdsx": "file:../bdsx",
        "typescript": "^4.3.5"
      }
    },
    "../bdsx": {
      "version": "2.0.0",
      "dev": true,
      "license": "MIT"
    },
    "node_modules/@types/node": {
      "version": "12.20.16",
      "resolved": "https://registry.npmjs.org/@types/node/-/node-12.20.16.tgz",
      "integrity": "sha512-6CLxw83vQf6DKqXxMPwl8qpF8I7THFZuIwLt4TnNsumxkp1VsRZWT8txQxncT/Rl2UojTsFzWgDG4FRMwafrlA==",
      "dev": true
    },
    "node_modules/bdsx": {
      "resolved": "../bdsx",
      "link": true
    },
    "node_modules/norma-core": {
      "version": "0.3.1",
      "resolved": "https://registry.npmjs.org/norma-core/-/norma-core-0.3.1.tgz",
      "integrity": "sha512-HxF9EMnw+90BT/YeGVLjOyBCGo6VdVLWXfzP8bVsIOnXr6kd58GPpNq8/mKt+v6qa4/rap5Tyi7RBSF5lwobWg=="
    },
    "node_modules/typescript": {
      "version": "4.3.5",
      "resolved": "https://registry.npmjs.org/typescript/-/typescript-4.3.5.tgz",
      "integrity": "sha512-DqQgihaQ9cUrskJo9kIyW/+g0Vxsk8cDtZ52a3NGh0YNTfpUSArXSohyUGnvbPazEPLu398C0UxmKSOrPumUzA==",
      "dev": true,
      "bin": {
        "tsc": "bin/tsc",
        "tsserver": "bin/tsserver"
      },
      "engines": {
        "node": ">=4.2.0"
      }
    }
  },
  "dependencies": {
    "@types/node": {
      "version": "12.20.16",
      "resolved": "https://registry.npmjs.org/@types/node/-/node-12.20.16.tgz",
      "integrity": "sha512-6CLxw83vQf6DKqXxMPwl8qpF8I7THFZuIwLt4TnNsumxkp1VsRZWT8txQxncT/Rl2UojTsFzWgDG4FRMwafrlA==",
      "dev": true
    },
    "bdsx": {
      "version": "file:../bdsx"
    },
    "norma-core": {
      "version": "0.3.1",
      "resolved": "https://registry.npmjs.org/norma-core/-/norma-core-0.3.1.tgz",
      "integrity": "sha512-HxF9EMnw+90BT/YeGVLjOyBCGo6VdVLWXfzP8bVsIOnXr6kd58GPpNq8/mKt+v6qa4/rap5Tyi7RBSF5lwobWg=="
    },
    "typescript": {
      "version": "4.3.5",
      "resolved": "https://registry.npmjs.org/typescript/-/typescript-4.3.5.tgz",
      "integrity": "sha512-DqQgihaQ9cUrskJo9kIyW/+g0Vxsk8cDtZ52a3NGh0YNTfpUSArXSohyUGnvbPazEPLu398C0UxmKSOrPumUzA==",
      "dev": true
    }
  }
}
